
Microsoft Visual Studio Solution File, Format Version 12.00
# Visual Studio Version 16
VisualStudioVersion = 16.0.29911.84
MinimumVisualStudioVersion = 10.0.40219.1
Project("{9A19103F-16F7-4668-BE54-9A1E7A4F7556}") = "OnlineWebVideoShop", "OnlineWebVideoShop.csproj", "{0B93DE1F-4479-492F-AD6C-E8E1F58BBE07}"
EndProject
Project("{9A19103F-16F7-4668-BE54-9A1E7A4F7556}") = "OnlineWebShop.BusinessContract", "..\VideoServiceContract\OnlineWebShop.BusinessContract.csproj", "{2C956112-C396-4E75-BB60-BBDE276AEEC6}"
EndProject
Project("{9A19103F-16F7-4668-BE54-9A1E7A4F7556}") = "OnlineWebShop.BusinessService", "..\VideoBusinesService\OnlineWebShop.BusinessService.csproj", "{33A06FDB-AEBC-493E-818C-4BCE724D5A77}"
EndProject
Project("{9A19103F-16F7-4668-BE54-9A1E7A4F7556}") = "OnlineWebShop.Model", "..\VideoModels\OnlineWebShop.Model.csproj", "{6F23359C-FB93-45FC-A1CC-7AE9BBE81EA6}"
EndProject
Project("{9A19103F-16F7-4668-BE54-9A1E7A4F7556}") = "OnlineWebShop.DataAccess", "..\DataAccess\OnlineWebShop.DataAccess.csproj", "{DE02A14D-32D5-42B2-8E4B-F43A6B6A7063}"
EndProject
Project("{9A19103F-16F7-4668-BE54-9A1E7A4F7556}") = "OnlineWEbShop.ViewModel", "..\ViewModel\OnlineWEbShop.ViewModel.csproj", "{4CDDBBA9-3329-48DE-AE5E-62566571CE50}"
EndProject
Project("{9A19103F-16F7-4668-BE54-9A1E7A4F7556}") = "OnlineWebShop.DataAccessContract", "..\OnlineWebShop.DataAccessContract\OnlineWebShop.DataAccessContract.csproj", "{283B77D0-3428-413F-B055-8D86E792AD0C}"
EndProject
Project("{FAE04EC0-301F-11D3-BF4B-00C04F79EFBC}") = "OnlineWebShop.Data", "..\OnlineWebShop.Data\OnlineWebShop.Data.csproj", "{96488067-DE01-41A1-9669-177A7ABBA4E2}"
EndProject
Global
	GlobalSection(SolutionConfigurationPlatforms) = preSolution
		Debug|Any CPU = Debug|Any CPU
		Release|Any CPU = Release|Any CPU
	EndGlobalSection
	GlobalSection(ProjectConfigurationPlatforms) = postSolution
		{0B93DE1F-4479-492F-AD6C-E8E1F58BBE07}.Debug|Any CPU.ActiveCfg = Debug|Any CPU
		{0B93DE1F-4479-492F-AD6C-E8E1F58BBE07}.Debug|Any CPU.Build.0 = Debug|Any CPU
		{0B93DE1F-4479-492F-AD6C-E8E1F58BBE07}.Release|Any CPU.ActiveCfg = Release|Any CPU
		{0B93DE1F-4479-492F-AD6C-E8E1F58BBE07}.Release|Any CPU.Build.0 = Release|Any CPU
		{2C956112-C396-4E75-BB60-BBDE276AEEC6}.Debug|Any CPU.ActiveCfg = Debug|Any CPU
		{2C956112-C396-4E75-BB60-BBDE276AEEC6}.Debug|Any CPU.Build.0 = Debug|Any CPU
		{2C956112-C396-4E75-BB60-BBDE276AEEC6}.Release|Any CPU.ActiveCfg = Release|Any CPU
		{2C956112-C396-4E75-BB60-BBDE276AEEC6}.Release|Any CPU.Build.0 = Release|Any CPU
		{33A06FDB-AEBC-493E-818C-4BCE724D5A77}.Debug|Any CPU.ActiveCfg = Debug|Any CPU
		{33A06FDB-AEBC-493E-818C-4BCE724D5A77}.Debug|Any CPU.Build.0 = Debug|Any CPU
		{33A06FDB-AEBC-493E-818C-4BCE724D5A77}.Release|Any CPU.ActiveCfg = Release|Any CPU
		{33A06FDB-AEBC-493E-818C-4BCE724D5A77}.Release|Any CPU.Build.0 = Release|Any CPU
		{6F23359C-FB93-45FC-A1CC-7AE9BBE81EA6}.Debug|Any CPU.ActiveCfg = Debug|Any CPU
		{6F23359C-FB93-45FC-A1CC-7AE9BBE81EA6}.Debug|Any CPU.Build.0 = Debug|Any CPU
		{6F23359C-FB93-45FC-A1CC-7AE9BBE81EA6}.Release|Any CPU.ActiveCfg = Release|Any CPU
		{6F23359C-FB93-45FC-A1CC-7AE9BBE81EA6}.Release|Any CPU.Build.0 = Release|Any CPU
		{DE02A14D-32D5-42B2-8E4B-F43A6B6A7063}.Debug|Any CPU.ActiveCfg = Debug|Any CPU
		{DE02A14D-32D5-42B2-8E4B-F43A6B6A7063}.Debug|Any CPU.Build.0 = Debug|Any CPU
		{DE02A14D-32D5-42B2-8E4B-F43A6B6A7063}.Release|Any CPU.ActiveCfg = Release|Any CPU
		{DE02A14D-32D5-42B2-8E4B-F43A6B6A7063}.Release|Any CPU.Build.0 = Release|Any CPU
		{4CDDBBA9-3329-48DE-AE5E-62566571CE50}.Debug|Any CPU.ActiveCfg = Debug|Any CPU
		{4CDDBBA9-3329-48DE-AE5E-62566571CE50}.Debug|Any CPU.Build.0 = Debug|Any CPU
		{4CDDBBA9-3329-48DE-AE5E-62566571CE50}.Release|Any CPU.ActiveCfg = Release|Any CPU
		{4CDDBBA9-3329-48DE-AE5E-62566571CE50}.Release|Any CPU.Build.0 = Release|Any CPU
		{283B77D0-3428-413F-B055-8D86E792AD0C}.Debug|Any CPU.ActiveCfg = Debug|Any CPU
		{283B77D0-3428-413F-B055-8D86E792AD0C}.Debug|Any CPU.Build.0 = Debug|Any CPU
		{283B77D0-3428-413F-B055-8D86E792AD0C}.Release|Any CPU.ActiveCfg = Release|Any CPU
		{283B77D0-3428-413F-B055-8D86E792AD0C}.Release|Any CPU.Build.0 = Release|Any CPU
		{96488067-DE01-41A1-9669-177A7ABBA4E2}.Debug|Any CPU.ActiveCfg = Debug|Any CPU
		{96488067-DE01-41A1-9669-177A7ABBA4E2}.Debug|Any CPU.Build.0 = Debug|Any CPU
		{96488067-DE01-41A1-9669-177A7ABBA4E2}.Release|Any CPU.ActiveCfg = Release|Any CPU
		{96488067-DE01-41A1-9669-177A7ABBA4E2}.Release|Any CPU.Build.0 = Release|Any CPU
	EndGlobalSection
	GlobalSection(SolutionProperties) = preSolution
		HideSolutionNode = FALSE
	EndGlobalSection
	GlobalSection(ExtensibilityGlobals) = postSolution
		SolutionGuid = {049B6ED8-DA09-4172-8240-39982BD50F0E}
	EndGlobalSection
EndGlobal
